// !$*UTF8*$!
{
	archiveVersion = 1;
	classes = {
	};
	objectVersion = 46;
	objects = {

/* Begin PBXBuildFile section */
		4D006B8116B5749700A5EF0B /* CFNetwork.framework in Frameworks */ = {isa = PBXBuildFile; fileRef = 4D006B8016B5749700A5EF0B /* CFNetwork.framework */; };
		4D006B8316B5749E00A5EF0B /* SystemConfiguration.framework in Frameworks */ = {isa = PBXBuildFile; fileRef = 4D006B8216B5749E00A5EF0B /* SystemConfiguration.framework */; };
		4D006B8516B574A500A5EF0B /* libstdc++.dylib in Frameworks */ = {isa = PBXBuildFile; fileRef = 4D006B8416B574A500A5EF0B /* libstdc++.dylib */; };
		4D006B8716B574B200A5EF0B /* CoreAudio.framework in Frameworks */ = {isa = PBXBuildFile; fileRef = 4D006B8616B574B200A5EF0B /* CoreAudio.framework */; };
		4D006B8916B574B600A5EF0B /* AudioToolbox.framework in Frameworks */ = {isa = PBXBuildFile; fileRef = 4D006B8816B574B600A5EF0B /* AudioToolbox.framework */; };
		4D006B9316B582FD00A5EF0B /* Playlist.m in Sources */ = {isa = PBXBuildFile; fileRef = 4D006B9216B582FD00A5EF0B /* Playlist.m */; };
		4D006B9516B59D1400A5EF0B /* EN_P_on_Light_Transparent.png in Resources */ = {isa = PBXBuildFile; fileRef = 4D006B9416B59D1400A5EF0B /* EN_P_on_Light_Transparent.png */; };
		4D134D7E16B55CA2006AF954 /* Cocoa.framework in Frameworks */ = {isa = PBXBuildFile; fileRef = 4D134D7D16B55CA2006AF954 /* Cocoa.framework */; };
		4D134D8816B55CA2006AF954 /* InfoPlist.strings in Resources */ = {isa = PBXBuildFile; fileRef = 4D134D8616B55CA2006AF954 /* InfoPlist.strings */; };
		4D134D8A16B55CA2006AF954 /* main.m in Sources */ = {isa = PBXBuildFile; fileRef = 4D134D8916B55CA2006AF954 /* main.m */; };
		4D134D8E16B55CA2006AF954 /* Credits.rtf in Resources */ = {isa = PBXBuildFile; fileRef = 4D134D8C16B55CA2006AF954 /* Credits.rtf */; };
		4D134D9416B55CA3006AF954 /* MainMenu.xib in Resources */ = {isa = PBXBuildFile; fileRef = 4D134D9216B55CA2006AF954 /* MainMenu.xib */; };
		4D134DB716B55DA7006AF954 /* CocoaLibSpotify.framework in Frameworks */ = {isa = PBXBuildFile; fileRef = 4D134DB416B55D98006AF954 /* CocoaLibSpotify.framework */; };
		4D2362F516B56B5F008EE02B /* MWAppDelegate.m in Sources */ = {isa = PBXBuildFile; fileRef = 4D134D9016B55CA2006AF954 /* MWAppDelegate.m */; };
/* End PBXBuildFile section */

/* Begin PBXContainerItemProxy section */
		4D134DB316B55D98006AF954 /* PBXContainerItemProxy */ = {
			isa = PBXContainerItemProxy;
			containerPortal = 4D134DAA16B55D98006AF954 /* CocoaLibSpotify Mac Framework.xcodeproj */;
			proxyType = 2;
			remoteGlobalIDString = 503D630F13258041007772CA;
			remoteInfo = CocoaLibSpotify;
		};
		4D134DB516B55D98006AF954 /* PBXContainerItemProxy */ = {
			isa = PBXContainerItemProxy;
			containerPortal = 4D134DAA16B55D98006AF954 /* CocoaLibSpotify Mac Framework.xcodeproj */;
			proxyType = 2;
			remoteGlobalIDString = 504E4934155AA85400E1C0F7;
			remoteInfo = CocoaLSTests;
		};
/* End PBXContainerItemProxy section */

/* Begin PBXFileReference section */
		4D006B8016B5749700A5EF0B /* CFNetwork.framework */ = {isa = PBXFileReference; lastKnownFileType = wrapper.framework; name = CFNetwork.framework; path = System/Library/Frameworks/CFNetwork.framework; sourceTree = SDKROOT; };
		4D006B8216B5749E00A5EF0B /* SystemConfiguration.framework */ = {isa = PBXFileReference; lastKnownFileType = wrapper.framework; name = SystemConfiguration.framework; path = System/Library/Frameworks/SystemConfiguration.framework; sourceTree = SDKROOT; };
		4D006B8416B574A500A5EF0B /* libstdc++.dylib */ = {isa = PBXFileReference; lastKnownFileType = "compiled.mach-o.dylib"; name = "libstdc++.dylib"; path = "usr/lib/libstdc++.dylib"; sourceTree = SDKROOT; };
		4D006B8616B574B200A5EF0B /* CoreAudio.framework */ = {isa = PBXFileReference; lastKnownFileType = wrapper.framework; name = CoreAudio.framework; path = System/Library/Frameworks/CoreAudio.framework; sourceTree = SDKROOT; };
		4D006B8816B574B600A5EF0B /* AudioToolbox.framework */ = {isa = PBXFileReference; lastKnownFileType = wrapper.framework; name = AudioToolbox.framework; path = System/Library/Frameworks/AudioToolbox.framework; sourceTree = SDKROOT; };
		4D006B9116B582FD00A5EF0B /* Playlist.h */ = {isa = PBXFileReference; fileEncoding = 4; lastKnownFileType = sourcecode.c.h; path = Playlist.h; sourceTree = "<group>"; };
		4D006B9216B582FD00A5EF0B /* Playlist.m */ = {isa = PBXFileReference; fileEncoding = 4; lastKnownFileType = sourcecode.c.objc; path = Playlist.m; sourceTree = "<group>"; };
		4D006B9416B59D1400A5EF0B /* EN_P_on_Light_Transparent.png */ = {isa = PBXFileReference; lastKnownFileType = image.png; path = EN_P_on_Light_Transparent.png; sourceTree = "<group>"; };
		4D134D7916B55CA2006AF954 /* SpotifyRadio.app */ = {isa = PBXFileReference; explicitFileType = wrapper.application; includeInIndex = 0; path = SpotifyRadio.app; sourceTree = BUILT_PRODUCTS_DIR; };
		4D134D7D16B55CA2006AF954 /* Cocoa.framework */ = {isa = PBXFileReference; lastKnownFileType = wrapper.framework; name = Cocoa.framework; path = System/Library/Frameworks/Cocoa.framework; sourceTree = SDKROOT; };
		4D134D8016B55CA2006AF954 /* AppKit.framework */ = {isa = PBXFileReference; lastKnownFileType = wrapper.framework; name = AppKit.framework; path = System/Library/Frameworks/AppKit.framework; sourceTree = SDKROOT; };
		4D134D8116B55CA2006AF954 /* CoreData.framework */ = {isa = PBXFileReference; lastKnownFileType = wrapper.framework; name = CoreData.framework; path = System/Library/Frameworks/CoreData.framework; sourceTree = SDKROOT; };
		4D134D8216B55CA2006AF954 /* Foundation.framework */ = {isa = PBXFileReference; lastKnownFileType = wrapper.framework; name = Foundation.framework; path = System/Library/Frameworks/Foundation.framework; sourceTree = SDKROOT; };
		4D134D8516B55CA2006AF954 /* SpotifyRadio-Info.plist */ = {isa = PBXFileReference; lastKnownFileType = text.plist.xml; path = "SpotifyRadio-Info.plist"; sourceTree = "<group>"; };
		4D134D8716B55CA2006AF954 /* en */ = {isa = PBXFileReference; lastKnownFileType = text.plist.strings; name = en; path = en.lproj/InfoPlist.strings; sourceTree = "<group>"; };
		4D134D8916B55CA2006AF954 /* main.m */ = {isa = PBXFileReference; lastKnownFileType = sourcecode.c.objc; path = main.m; sourceTree = "<group>"; };
		4D134D8B16B55CA2006AF954 /* SpotifyRadio-Prefix.pch */ = {isa = PBXFileReference; lastKnownFileType = sourcecode.c.h; path = "SpotifyRadio-Prefix.pch"; sourceTree = "<group>"; };
		4D134D8D16B55CA2006AF954 /* en */ = {isa = PBXFileReference; lastKnownFileType = text.rtf; name = en; path = en.lproj/Credits.rtf; sourceTree = "<group>"; };
		4D134D8F16B55CA2006AF954 /* MWAppDelegate.h */ = {isa = PBXFileReference; lastKnownFileType = sourcecode.c.h; path = MWAppDelegate.h; sourceTree = "<group>"; };
		4D134D9016B55CA2006AF954 /* MWAppDelegate.m */ = {isa = PBXFileReference; lastKnownFileType = sourcecode.c.objc; path = MWAppDelegate.m; sourceTree = "<group>"; };
		4D134D9316B55CA2006AF954 /* en */ = {isa = PBXFileReference; lastKnownFileType = file.xib; name = en; path = en.lproj/MainMenu.xib; sourceTree = "<group>"; };
		4D134D9A16B55D26006AF954 /* SpotifyRadio.entitlements */ = {isa = PBXFileReference; lastKnownFileType = text.xml; path = SpotifyRadio.entitlements; sourceTree = "<group>"; };
		4D134DAA16B55D98006AF954 /* CocoaLibSpotify Mac Framework.xcodeproj */ = {isa = PBXFileReference; lastKnownFileType = "wrapper.pb-project"; name = "CocoaLibSpotify Mac Framework.xcodeproj"; path = "../../cocoalibspotify/Mac Framework/CocoaLibSpotify Mac Framework.xcodeproj"; sourceTree = "<group>"; };
		4D2362E816B55F41008EE02B /* appkey.h */ = {isa = PBXFileReference; fileEncoding = 4; lastKnownFileType = sourcecode.c.h; path = appkey.h; sourceTree = "<group>"; };
/* End PBXFileReference section */

/* Begin PBXFrameworksBuildPhase section */
		4D134D7616B55CA2006AF954 /* Frameworks */ = {
			isa = PBXFrameworksBuildPhase;
			buildActionMask = 2147483647;
			files = (
				4D006B8916B574B600A5EF0B /* AudioToolbox.framework in Frameworks */,
				4D006B8716B574B200A5EF0B /* CoreAudio.framework in Frameworks */,
				4D006B8516B574A500A5EF0B /* libstdc++.dylib in Frameworks */,
				4D006B8316B5749E00A5EF0B /* SystemConfiguration.framework in Frameworks */,
				4D006B8116B5749700A5EF0B /* CFNetwork.framework in Frameworks */,
				4D134DB716B55DA7006AF954 /* CocoaLibSpotify.framework in Frameworks */,
				4D134D7E16B55CA2006AF954 /* Cocoa.framework in Frameworks */,
			);
			runOnlyForDeploymentPostprocessing = 0;
		};
/* End PBXFrameworksBuildPhase section */

/* Begin PBXGroup section */
		4D134D6E16B55CA2006AF954 = {
			isa = PBXGroup;
			children = (
				4D006B9416B59D1400A5EF0B /* EN_P_on_Light_Transparent.png */,
				4D006B8816B574B600A5EF0B /* AudioToolbox.framework */,
				4D006B8616B574B200A5EF0B /* CoreAudio.framework */,
				4D006B8416B574A500A5EF0B /* libstdc++.dylib */,
				4D006B8216B5749E00A5EF0B /* SystemConfiguration.framework */,
				4D006B8016B5749700A5EF0B /* CFNetwork.framework */,
				4D134DAA16B55D98006AF954 /* CocoaLibSpotify Mac Framework.xcodeproj */,
				4D134D8316B55CA2006AF954 /* SpotifyRadio */,
				4D134D7C16B55CA2006AF954 /* Frameworks */,
				4D134D7A16B55CA2006AF954 /* Products */,
			);
			sourceTree = "<group>";
		};
		4D134D7A16B55CA2006AF954 /* Products */ = {
			isa = PBXGroup;
			children = (
				4D134D7916B55CA2006AF954 /* SpotifyRadio.app */,
			);
			name = Products;
			sourceTree = "<group>";
		};
		4D134D7C16B55CA2006AF954 /* Frameworks */ = {
			isa = PBXGroup;
			children = (
				4D134D7D16B55CA2006AF954 /* Cocoa.framework */,
				4D134D7F16B55CA2006AF954 /* Other Frameworks */,
			);
			name = Frameworks;
			sourceTree = "<group>";
		};
		4D134D7F16B55CA2006AF954 /* Other Frameworks */ = {
			isa = PBXGroup;
			children = (
				4D134D8016B55CA2006AF954 /* AppKit.framework */,
				4D134D8116B55CA2006AF954 /* CoreData.framework */,
				4D134D8216B55CA2006AF954 /* Foundation.framework */,
			);
			name = "Other Frameworks";
			sourceTree = "<group>";
		};
		4D134D8316B55CA2006AF954 /* SpotifyRadio */ = {
			isa = PBXGroup;
			children = (
				4D134D9A16B55D26006AF954 /* SpotifyRadio.entitlements */,
				4D134D8F16B55CA2006AF954 /* MWAppDelegate.h */,
				4D134D9016B55CA2006AF954 /* MWAppDelegate.m */,
				4D134D9216B55CA2006AF954 /* MainMenu.xib */,
				4D134D8416B55CA2006AF954 /* Supporting Files */,
				4D006B9116B582FD00A5EF0B /* Playlist.h */,
				4D006B9216B582FD00A5EF0B /* Playlist.m */,
			);
			path = SpotifyRadio;
			sourceTree = "<group>";
		};
		4D134D8416B55CA2006AF954 /* Supporting Files */ = {
			isa = PBXGroup;
			children = (
				4D134D8516B55CA2006AF954 /* SpotifyRadio-Info.plist */,
				4D134D8616B55CA2006AF954 /* InfoPlist.strings */,
				4D134D8916B55CA2006AF954 /* main.m */,
				4D134D8B16B55CA2006AF954 /* SpotifyRadio-Prefix.pch */,
				4D134D8C16B55CA2006AF954 /* Credits.rtf */,
				4D2362E816B55F41008EE02B /* appkey.h */,
			);
			name = "Supporting Files";
			sourceTree = "<group>";
		};
		4D134DAB16B55D98006AF954 /* Products */ = {
			isa = PBXGroup;
			children = (
				4D134DB416B55D98006AF954 /* CocoaLibSpotify.framework */,
				4D134DB616B55D98006AF954 /* CocoaLSTests.app */,
			);
			name = Products;
			sourceTree = "<group>";
		};
/* End PBXGroup section */

/* Begin PBXNativeTarget section */
		4D134D7816B55CA2006AF954 /* SpotifyRadio */ = {
			isa = PBXNativeTarget;
			buildConfigurationList = 4D134D9716B55CA3006AF954 /* Build configuration list for PBXNativeTarget "SpotifyRadio" */;
			buildPhases = (
				4D134D7516B55CA2006AF954 /* Sources */,
				4D134D7616B55CA2006AF954 /* Frameworks */,
				4D134D7716B55CA2006AF954 /* Resources */,
			);
			buildRules = (
			);
			dependencies = (
			);
			name = SpotifyRadio;
			productName = SpotifyRadio;
			productReference = 4D134D7916B55CA2006AF954 /* SpotifyRadio.app */;
			productType = "com.apple.product-type.application";
		};
/* End PBXNativeTarget section */

/* Begin PBXProject section */
		4D134D7016B55CA2006AF954 /* Project object */ = {
			isa = PBXProject;
			attributes = {
				CLASSPREFIX = MW;
				LastUpgradeCheck = 0450;
				ORGANIZATIONNAME = "Max Woolf";
			};
			buildConfigurationList = 4D134D7316B55CA2006AF954 /* Build configuration list for PBXProject "SpotifyRadio" */;
			compatibilityVersion = "Xcode 3.2";
			developmentRegion = English;
			hasScannedForEncodings = 0;
			knownRegions = (
				en,
			);
			mainGroup = 4D134D6E16B55CA2006AF954;
			productRefGroup = 4D134D7A16B55CA2006AF954 /* Products */;
			projectDirPath = "";
			projectReferences = (
				{
					ProductGroup = 4D134DAB16B55D98006AF954 /* Products */;
					ProjectRef = 4D134DAA16B55D98006AF954 /* CocoaLibSpotify Mac Framework.xcodeproj */;
				},
			);
			projectRoot = "";
			targets = (
				4D134D7816B55CA2006AF954 /* SpotifyRadio */,
			);
		};
/* End PBXProject section */

/* Begin PBXReferenceProxy section */
		4D134DB416B55D98006AF954 /* CocoaLibSpotify.framework */ = {
			isa = PBXReferenceProxy;
			fileType = wrapper.framework;
			path = CocoaLibSpotify.framework;
			remoteRef = 4D134DB316B55D98006AF954 /* PBXContainerItemProxy */;
			sourceTree = BUILT_PRODUCTS_DIR;
		};
		4D134DB616B55D98006AF954 /* CocoaLSTests.app */ = {
			isa = PBXReferenceProxy;
			fileType = wrapper.application;
			path = CocoaLSTests.app;
			remoteRef = 4D134DB516B55D98006AF954 /* PBXContainerItemProxy */;
			sourceTree = BUILT_PRODUCTS_DIR;
		};
/* End PBXReferenceProxy section */

/* Begin PBXResourcesBuildPhase section */
		4D134D7716B55CA2006AF954 /* Resources */ = {
			isa = PBXResourcesBuildPhase;
			buildActionMask = 2147483647;
			files = (
				4D134D8816B55CA2006AF954 /* InfoPlist.strings in Resources */,
				4D134D8E16B55CA2006AF954 /* Credits.rtf in Resources */,
				4D134D9416B55CA3006AF954 /* MainMenu.xib in Resources */,
				4D006B9516B59D1400A5EF0B /* EN_P_on_Light_Transparent.png in Resources */,
			);
			runOnlyForDeploymentPostprocessing = 0;
		};
/* End PBXResourcesBuildPhase section */

/* Begin PBXSourcesBuildPhase section */
		4D134D7516B55CA2006AF954 /* Sources */ = {
			isa = PBXSourcesBuildPhase;
			buildActionMask = 2147483647;
			files = (
				4D2362F516B56B5F008EE02B /* MWAppDelegate.m in Sources */,
				4D134D8A16B55CA2006AF954 /* main.m in Sources */,
				4D006B9316B582FD00A5EF0B /* Playlist.m in Sources */,
			);
			runOnlyForDeploymentPostprocessing = 0;
		};
/* End PBXSourcesBuildPhase section */

/* Begin PBXVariantGroup section */
		4D134D8616B55CA2006AF954 /* InfoPlist.strings */ = {
			isa = PBXVariantGroup;
			children = (
				4D134D8716B55CA2006AF954 /* en */,
			);
			name = InfoPlist.strings;
			sourceTree = "<group>";
		};
		4D134D8C16B55CA2006AF954 /* Credits.rtf */ = {
			isa = PBXVariantGroup;
			children = (
				4D134D8D16B55CA2006AF954 /* en */,
			);
			name = Credits.rtf;
			sourceTree = "<group>";
		};
		4D134D9216B55CA2006AF954 /* MainMenu.xib */ = {
			isa = PBXVariantGroup;
			children = (
				4D134D9316B55CA2006AF954 /* en */,
			);
			name = MainMenu.xib;
			sourceTree = "<group>";
		};
/* End PBXVariantGroup section */

/* Begin XCBuildConfiguration section */
		4D134D9516B55CA3006AF954 /* Debug */ = {
			isa = XCBuildConfiguration;
			buildSettings = {
				ALWAYS_SEARCH_USER_PATHS = NO;
				ARCHS = "$(ARCHS_STANDARD_64_BIT)";
				CLANG_CXX_LANGUAGE_STANDARD = "gnu++0x";
				CLANG_CXX_LIBRARY = "libc++";
				CLANG_ENABLE_OBJC_ARC = YES;
				CLANG_WARN_EMPTY_BODY = YES;
				CLANG_WARN__DUPLICATE_METHOD_MATCH = YES;
				COPY_PHASE_STRIP = NO;
				GCC_C_LANGUAGE_STANDARD = gnu99;
				GCC_DYNAMIC_NO_PIC = NO;
				GCC_ENABLE_OBJC_EXCEPTIONS = YES;
				GCC_OPTIMIZATION_LEVEL = 0;
				GCC_PREPROCESSOR_DEFINITIONS = (
					"DEBUG=1",
					"$(inherited)",
				);
				GCC_SYMBOLS_PRIVATE_EXTERN = NO;
				GCC_WARN_64_TO_32_BIT_CONVERSION = YES;
				GCC_WARN_ABOUT_RETURN_TYPE = YES;
				GCC_WARN_UNINITIALIZED_AUTOS = YES;
				GCC_WARN_UNUSED_VARIABLE = YES;
				MACOSX_DEPLOYMENT_TARGET = 10.8;
				ONLY_ACTIVE_ARCH = YES;
				SDKROOT = macosx;
			};
			name = Debug;
		};
		4D134D9616B55CA3006AF954 /* Release */ = {
			isa = XCBuildConfiguration;
			buildSettings = {
				ALWAYS_SEARCH_USER_PATHS = NO;
				ARCHS = "$(ARCHS_STANDARD_64_BIT)";
				CLANG_CXX_LANGUAGE_STANDARD = "gnu++0x";
				CLANG_CXX_LIBRARY = "libc++";
				CLANG_ENABLE_OBJC_ARC = YES;
				CLANG_WARN_EMPTY_BODY = YES;
				CLANG_WARN__DUPLICATE_METHOD_MATCH = YES;
				COPY_PHASE_STRIP = YES;
				DEBUG_INFORMATION_FORMAT = "dwarf-with-dsym";
				GCC_C_LANGUAGE_STANDARD = gnu99;
				GCC_ENABLE_OBJC_EXCEPTIONS = YES;
				GCC_WARN_64_TO_32_BIT_CONVERSION = YES;
				GCC_WARN_ABOUT_RETURN_TYPE = YES;
				GCC_WARN_UNINITIALIZED_AUTOS = YES;
				GCC_WARN_UNUSED_VARIABLE = YES;
				MACOSX_DEPLOYMENT_TARGET = 10.8;
				SDKROOT = macosx;
			};
			name = Release;
		};
		4D134D9816B55CA3006AF954 /* Debug */ = {
			isa = XCBuildConfiguration;
			buildSettings = {
				ARCHS = "$(ARCHS_STANDARD_64_BIT)";
				COMBINE_HIDPI_IMAGES = YES;
				FRAMEWORK_SEARCH_PATHS = (
					"$(inherited)",
					"\"$(SRCROOT)\"",
					$CONFIGURATION_BUILD_DIR/CocoaLibSpotify.framework/Versions/Frameworks,
				);
				GCC_PRECOMPILE_PREFIX_HEADER = YES;
				GCC_PREFIX_HEADER = "SpotifyRadio/SpotifyRadio-Prefix.pch";
				HEADER_SEARCH_PATHS = "\"/Users/maxwoolf/Documents/cocoalibspotify\"";
				INFOPLIST_FILE = "SpotifyRadio/SpotifyRadio-Info.plist";
				MACOSX_DEPLOYMENT_TARGET = 10.8;
				ONLY_ACTIVE_ARCH = NO;
				OTHER_LDFLAGS = "";
				PRODUCT_NAME = "$(TARGET_NAME)";
				WRAPPER_EXTENSION = app;
			};
			name = Debug;
		};
		4D134D9916B55CA3006AF954 /* Release */ = {
			isa = XCBuildConfiguration;
			buildSettings = {
				ARCHS = "$(ARCHS_STANDARD_64_BIT)";
				COMBINE_HIDPI_IMAGES = YES;
				FRAMEWORK_SEARCH_PATHS = (
					"$(inherited)",
					"\"$(SRCROOT)\"",
					$CONFIGURATION_BUILD_DIR/CocoaLibSpotify.framework/Versions/Frameworks,
				);
				GCC_PRECOMPILE_PREFIX_HEADER = YES;
				GCC_PREFIX_HEADER = "SpotifyRadio/SpotifyRadio-Prefix.pch";
				HEADER_SEARCH_PATHS = "\"/Users/maxwoolf/Documents/cocoalibspotify\"";
				INFOPLIST_FILE = "SpotifyRadio/SpotifyRadio-Info.plist";
				MACOSX_DEPLOYMENT_TARGET = 10.8;
				OTHER_LDFLAGS = "";
				PRODUCT_NAME = "$(TARGET_NAME)";
				WRAPPER_EXTENSION = app;
			};
			name = Release;
		};
/* End XCBuildConfiguration section */

/* Begin XCConfigurationList section */
		4D134D7316B55CA2006AF954 /* Build configuration list for PBXProject "SpotifyRadio" */ = {
			isa = XCConfigurationList;
			buildConfigurations = (
				4D134D9516B55CA3006AF954 /* Debug */,
				4D134D9616B55CA3006AF954 /* Release */,
			);
			defaultConfigurationIsVisible = 0;
			defaultConfigurationName = Release;
		};
		4D134D9716B55CA3006AF954 /* Build configuration list for PBXNativeTarget "SpotifyRadio" */ = {
			isa = XCConfigurationList;
			buildConfigurations = (
				4D134D9816B55CA3006AF954 /* Debug */,
				4D134D9916B55CA3006AF954 /* Release */,
			);
			defaultConfigurationIsVisible = 0;
			defaultConfigurationName = Release;
		};
/* End XCConfigurationList section */
	};
	rootObject = 4D134D7016B55CA2006AF954 /* Project object */;
}
